
Microsoft Visual Studio Solution File, Format Version 12.00
# Visual Studio Version 16
VisualStudioVersion = 16.0.28922.388
MinimumVisualStudioVersion = 10.0.40219.1
Project("{9A19103F-16F7-4668-BE54-9A1E7A4F7556}") = "kr.bbon.Xamarin.Forms", "kr.bbon.Xamarin.Forms.csproj", "{57AC04B5-A1CD-425A-832F-DEAD88E603FD}"
EndProject
Global
	GlobalSection(SolutionConfigurationPlatforms) = preSolution
		Debug|Any CPU = Debug|Any CPU
		Release|Any CPU = Release|Any CPU
	EndGlobalSection
	GlobalSection(ProjectConfigurationPlatforms) = postSolution
		{57AC04B5-A1CD-425A-832F-DEAD88E603FD}.Debug|Any CPU.ActiveCfg = Debug|Any CPU
		{57AC04B5-A1CD-425A-832F-DEAD88E603FD}.Debug|Any CPU.Build.0 = Debug|Any CPU
		{57AC04B5-A1CD-425A-832F-DEAD88E603FD}.Release|Any CPU.ActiveCfg = Release|Any CPU
		{57AC04B5-A1CD-425A-832F-DEAD88E603FD}.Release|Any CPU.Build.0 = Release|Any CPU
	EndGlobalSection
	GlobalSection(SolutionProperties) = preSolution
		HideSolutionNode = FALSE
	EndGlobalSection
	GlobalSection(ExtensibilityGlobals) = postSolution
		SolutionGuid = {CAEE84CF-5EC5-459B-8FC0-6A10EDEF54B6}
	EndGlobalSection
EndGlobal
